
Microsoft Visual Studio Solution File, Format Version 12.00
# Visual Studio for Mac
Project("{FAE04EC0-301F-11D3-BF4B-00C04F79EFBC}") = "ChineseChess", "Assembly-CSharp.csproj", "{196ED32F-0BAF-F1DA-3AC7-55B097E5B528}"
EndProject
Project("{FAE04EC0-301F-11D3-BF4B-00C04F79EFBC}") = "ChineseChess", "Assembly-CSharp-firstpass.csproj", "{50C61936-0DEE-D0DF-956D-CF84C0C4C708}"
EndProject
Project("{FAE04EC0-301F-11D3-BF4B-00C04F79EFBC}") = "ChineseChess", "Assembly-CSharp-Editor.csproj", "{27362E19-C10E-ECBC-7F96-168A344F92E6}"
EndProject
Global
	GlobalSection(SolutionConfigurationPlatforms) = preSolution
		Debug|Any CPU = Debug|Any CPU
		Release|Any CPU = Release|Any CPU
	EndGlobalSection
	GlobalSection(ProjectConfigurationPlatforms) = postSolution
		{196ED32F-0BAF-F1DA-3AC7-55B097E5B528}.Debug|Any CPU.ActiveCfg = Debug|Any CPU
		{196ED32F-0BAF-F1DA-3AC7-55B097E5B528}.Debug|Any CPU.Build.0 = Debug|Any CPU
		{196ED32F-0BAF-F1DA-3AC7-55B097E5B528}.Release|Any CPU.ActiveCfg = Release|Any CPU
		{196ED32F-0BAF-F1DA-3AC7-55B097E5B528}.Release|Any CPU.Build.0 = Release|Any CPU
		{50C61936-0DEE-D0DF-956D-CF84C0C4C708}.Debug|Any CPU.ActiveCfg = Debug|Any CPU
		{50C61936-0DEE-D0DF-956D-CF84C0C4C708}.Debug|Any CPU.Build.0 = Debug|Any CPU
		{50C61936-0DEE-D0DF-956D-CF84C0C4C708}.Release|Any CPU.ActiveCfg = Release|Any CPU
		{50C61936-0DEE-D0DF-956D-CF84C0C4C708}.Release|Any CPU.Build.0 = Release|Any CPU
		{27362E19-C10E-ECBC-7F96-168A344F92E6}.Debug|Any CPU.ActiveCfg = Debug|Any CPU
		{27362E19-C10E-ECBC-7F96-168A344F92E6}.Debug|Any CPU.Build.0 = Debug|Any CPU
		{27362E19-C10E-ECBC-7F96-168A344F92E6}.Release|Any CPU.ActiveCfg = Release|Any CPU
		{27362E19-C10E-ECBC-7F96-168A344F92E6}.Release|Any CPU.Build.0 = Release|Any CPU
	EndGlobalSection
	GlobalSection(SolutionProperties) = preSolution
		HideSolutionNode = FALSE
	EndGlobalSection
EndGlobal
